
Microsoft Visual Studio Solution File, Format Version 12.00
# Visual Studio Version 17
VisualStudioVersion = 17.6.33829.357
MinimumVisualStudioVersion = 10.0.40219.1
Project("{FAE04EC0-301F-11D3-BF4B-00C04F79EFBC}") = "ms-StudentManagement", "ms-StudentManagement\ms-StudentManagement.csproj", "{46A066DF-68FD-451E-AFB6-CEFD1A677D05}"
EndProject
Project("{FAE04EC0-301F-11D3-BF4B-00C04F79EFBC}") = "data-StudentManagement", "data-StudentManagement\data-StudentManagement.csproj", "{46003092-00ED-4F8C-932D-E53AF8C21C6F}"
EndProject
Global
	GlobalSection(SolutionConfigurationPlatforms) = preSolution
		Debug|Any CPU = Debug|Any CPU
		Release|Any CPU = Release|Any CPU
	EndGlobalSection
	GlobalSection(ProjectConfigurationPlatforms) = postSolution
		{46A066DF-68FD-451E-AFB6-CEFD1A677D05}.Debug|Any CPU.ActiveCfg = Debug|Any CPU
		{46A066DF-68FD-451E-AFB6-CEFD1A677D05}.Debug|Any CPU.Build.0 = Debug|Any CPU
		{46A066DF-68FD-451E-AFB6-CEFD1A677D05}.Release|Any CPU.ActiveCfg = Release|Any CPU
		{46A066DF-68FD-451E-AFB6-CEFD1A677D05}.Release|Any CPU.Build.0 = Release|Any CPU
		{46003092-00ED-4F8C-932D-E53AF8C21C6F}.Debug|Any CPU.ActiveCfg = Debug|Any CPU
		{46003092-00ED-4F8C-932D-E53AF8C21C6F}.Debug|Any CPU.Build.0 = Debug|Any CPU
		{46003092-00ED-4F8C-932D-E53AF8C21C6F}.Release|Any CPU.ActiveCfg = Release|Any CPU
		{46003092-00ED-4F8C-932D-E53AF8C21C6F}.Release|Any CPU.Build.0 = Release|Any CPU
	EndGlobalSection
	GlobalSection(SolutionProperties) = preSolution
		HideSolutionNode = FALSE
	EndGlobalSection
	GlobalSection(ExtensibilityGlobals) = postSolution
		SolutionGuid = {E14B3323-4E19-4E84-B5F7-5817E24B2C6F}
	EndGlobalSection
EndGlobal
